
Microsoft Visual Studio Solution File, Format Version 12.00
# Visual Studio Version 17
VisualStudioVersion = 17.3.32819.101
MinimumVisualStudioVersion = 10.0.40219.1
Project("{9A19103F-16F7-4668-BE54-9A1E7A4F7556}") = "Seer", "Seer.csproj", "{3E2C3C67-D674-441F-B5AB-8D3E3736D54C}"
EndProject
Global
	GlobalSection(SolutionConfigurationPlatforms) = preSolution
		Debug|Any CPU = Debug|Any CPU
		Debug|x64 = Debug|x64
		Release|Any CPU = Release|Any CPU
		Release|x64 = Release|x64
	EndGlobalSection
	GlobalSection(ProjectConfigurationPlatforms) = postSolution
		{3E2C3C67-D674-441F-B5AB-8D3E3736D54C}.Debug|Any CPU.ActiveCfg = Debug|Any CPU
		{3E2C3C67-D674-441F-B5AB-8D3E3736D54C}.Debug|Any CPU.Build.0 = Debug|Any CPU
		{3E2C3C67-D674-441F-B5AB-8D3E3736D54C}.Debug|x64.ActiveCfg = Debug|Any CPU
		{3E2C3C67-D674-441F-B5AB-8D3E3736D54C}.Debug|x64.Build.0 = Debug|Any CPU
		{3E2C3C67-D674-441F-B5AB-8D3E3736D54C}.Release|Any CPU.ActiveCfg = Release|Any CPU
		{3E2C3C67-D674-441F-B5AB-8D3E3736D54C}.Release|Any CPU.Build.0 = Release|Any CPU
		{3E2C3C67-D674-441F-B5AB-8D3E3736D54C}.Release|x64.ActiveCfg = Release|x64
		{3E2C3C67-D674-441F-B5AB-8D3E3736D54C}.Release|x64.Build.0 = Release|x64
	EndGlobalSection
	GlobalSection(SolutionProperties) = preSolution
		HideSolutionNode = FALSE
	EndGlobalSection
	GlobalSection(ExtensibilityGlobals) = postSolution
		SolutionGuid = {DF993703-2E36-4678-AFFA-9F6AFA102D5B}
	EndGlobalSection
EndGlobal
